
Microsoft Visual Studio Solution File, Format Version 12.00
# Visual Studio Version 16
VisualStudioVersion = 16.0.30907.101
MinimumVisualStudioVersion = 10.0.40219.1
Project("{FAE04EC0-301F-11D3-BF4B-00C04F79EFBC}") = "ServiceApp", "ServiceApp\ServiceApp.csproj", "{4F209549-2AAC-4EBF-8577-79C6E16FD0A0}"
EndProject
Project("{FAE04EC0-301F-11D3-BF4B-00C04F79EFBC}") = "ClientApp", "ClientApp\ClientApp.csproj", "{3D519638-C071-42AE-B14B-DD58264584B6}"
EndProject
Project("{FAE04EC0-301F-11D3-BF4B-00C04F79EFBC}") = "Contracts", "Contracts\Contracts.csproj", "{0181624E-AC6F-4329-B3F4-6DDDFADFBF28}"
EndProject
Project("{FAE04EC0-301F-11D3-BF4B-00C04F79EFBC}") = "Manager", "Manager\Manager.csproj", "{F91CD9EF-4BB6-482D-9F73-1AD0146CD690}"
EndProject
Global
	GlobalSection(SolutionConfigurationPlatforms) = preSolution
		Debug|Any CPU = Debug|Any CPU
		Release|Any CPU = Release|Any CPU
	EndGlobalSection
	GlobalSection(ProjectConfigurationPlatforms) = postSolution
		{4F209549-2AAC-4EBF-8577-79C6E16FD0A0}.Debug|Any CPU.ActiveCfg = Debug|Any CPU
		{4F209549-2AAC-4EBF-8577-79C6E16FD0A0}.Debug|Any CPU.Build.0 = Debug|Any CPU
		{4F209549-2AAC-4EBF-8577-79C6E16FD0A0}.Release|Any CPU.ActiveCfg = Release|Any CPU
		{4F209549-2AAC-4EBF-8577-79C6E16FD0A0}.Release|Any CPU.Build.0 = Release|Any CPU
		{3D519638-C071-42AE-B14B-DD58264584B6}.Debug|Any CPU.ActiveCfg = Debug|Any CPU
		{3D519638-C071-42AE-B14B-DD58264584B6}.Debug|Any CPU.Build.0 = Debug|Any CPU
		{3D519638-C071-42AE-B14B-DD58264584B6}.Release|Any CPU.ActiveCfg = Release|Any CPU
		{3D519638-C071-42AE-B14B-DD58264584B6}.Release|Any CPU.Build.0 = Release|Any CPU
		{0181624E-AC6F-4329-B3F4-6DDDFADFBF28}.Debug|Any CPU.ActiveCfg = Debug|Any CPU
		{0181624E-AC6F-4329-B3F4-6DDDFADFBF28}.Debug|Any CPU.Build.0 = Debug|Any CPU
		{0181624E-AC6F-4329-B3F4-6DDDFADFBF28}.Release|Any CPU.ActiveCfg = Release|Any CPU
		{0181624E-AC6F-4329-B3F4-6DDDFADFBF28}.Release|Any CPU.Build.0 = Release|Any CPU
		{F91CD9EF-4BB6-482D-9F73-1AD0146CD690}.Debug|Any CPU.ActiveCfg = Debug|Any CPU
		{F91CD9EF-4BB6-482D-9F73-1AD0146CD690}.Debug|Any CPU.Build.0 = Debug|Any CPU
		{F91CD9EF-4BB6-482D-9F73-1AD0146CD690}.Release|Any CPU.ActiveCfg = Release|Any CPU
		{F91CD9EF-4BB6-482D-9F73-1AD0146CD690}.Release|Any CPU.Build.0 = Release|Any CPU
	EndGlobalSection
	GlobalSection(SolutionProperties) = preSolution
		HideSolutionNode = FALSE
	EndGlobalSection
	GlobalSection(ExtensibilityGlobals) = postSolution
		SolutionGuid = {1F8E05B1-D7D3-4E39-B7A2-E29295599D2B}
	EndGlobalSection
EndGlobal
